
Microsoft Visual Studio Solution File, Format Version 12.00
# Visual Studio 14
VisualStudioVersion = 14.0.25420.1
MinimumVisualStudioVersion = 10.0.40219.1
Project("{8BC9CEB8-8B4A-11D0-8D11-00A0C91BC942}") = "ImageLoader", "ImageLoader\ImageLoader.vcxproj", "{585C252A-75DA-435D-ACCB-DFF914F4F732}"
EndProject
Project("{8BC9CEB8-8B4A-11D0-8D11-00A0C91BC942}") = "CodecPSD", "Codecs\CodecPSD\CodecPSD.vcxproj", "{D0EA563A-A39D-4402-9EE9-F4E427DA4591}"
EndProject
Global
	GlobalSection(SolutionConfigurationPlatforms) = preSolution
		Debug|x64 = Debug|x64
		Debug|x86 = Debug|x86
		Release|x64 = Release|x64
		Release|x86 = Release|x86
	EndGlobalSection
	GlobalSection(ProjectConfigurationPlatforms) = postSolution
		{585C252A-75DA-435D-ACCB-DFF914F4F732}.Debug|x64.ActiveCfg = Debug|x64
		{585C252A-75DA-435D-ACCB-DFF914F4F732}.Debug|x64.Build.0 = Debug|x64
		{585C252A-75DA-435D-ACCB-DFF914F4F732}.Debug|x86.ActiveCfg = Debug|Win32
		{585C252A-75DA-435D-ACCB-DFF914F4F732}.Debug|x86.Build.0 = Debug|Win32
		{585C252A-75DA-435D-ACCB-DFF914F4F732}.Release|x64.ActiveCfg = Release|x64
		{585C252A-75DA-435D-ACCB-DFF914F4F732}.Release|x64.Build.0 = Release|x64
		{585C252A-75DA-435D-ACCB-DFF914F4F732}.Release|x86.ActiveCfg = Release|Win32
		{585C252A-75DA-435D-ACCB-DFF914F4F732}.Release|x86.Build.0 = Release|Win32
		{D0EA563A-A39D-4402-9EE9-F4E427DA4591}.Debug|x64.ActiveCfg = Debug|x64
		{D0EA563A-A39D-4402-9EE9-F4E427DA4591}.Debug|x64.Build.0 = Debug|x64
		{D0EA563A-A39D-4402-9EE9-F4E427DA4591}.Debug|x86.ActiveCfg = Debug|Win32
		{D0EA563A-A39D-4402-9EE9-F4E427DA4591}.Debug|x86.Build.0 = Debug|Win32
		{D0EA563A-A39D-4402-9EE9-F4E427DA4591}.Release|x64.ActiveCfg = Release|x64
		{D0EA563A-A39D-4402-9EE9-F4E427DA4591}.Release|x64.Build.0 = Release|x64
		{D0EA563A-A39D-4402-9EE9-F4E427DA4591}.Release|x86.ActiveCfg = Release|Win32
		{D0EA563A-A39D-4402-9EE9-F4E427DA4591}.Release|x86.Build.0 = Release|Win32
	EndGlobalSection
	GlobalSection(SolutionProperties) = preSolution
		HideSolutionNode = FALSE
	EndGlobalSection
EndGlobal
