<?xml version="1.0" encoding="utf-8"?>
<Project ToolsVersion="4.0" xmlns="http://schemas.microsoft.com/developer/msbuild/2003">
  <ItemGroup>
    <ClCompile Include="Game.cpp" />
    <ClCompile Include="main.cpp" />
  </ItemGroup>
  <ItemGroup>
    <ClInclude Include="Game.h" />
    <ClInclude Include="PreCompiled.h" />
    <ClInclude Include="StringUtil.h" />
    <ClInclude Include="Utility.h" />
    <ClInclude Include="GameLogListener.h" />
  </ItemGroup>
  <ItemGroup>
    <None Include="CopyDlls.cmd" />
    <None Include="CopyResources.cmd" />
    <None Include="settings.ini" />
    <None Include="Resources\scripts\quad.material">
      <Filter>Resources\Scripts</Filter>
    </None>
  </ItemGroup>
  <ItemGroup>
    <Filter Include="Resources">
      <UniqueIdentifier>{ed870c1f-7eb7-4d96-852e-b4af6d3bf392}</UniqueIdentifier>
    </Filter>
    <Filter Include="Resources\Programs">
      <UniqueIdentifier>{0f94ee4c-4965-4f62-b727-742bb9f05fdb}</UniqueIdentifier>
    </Filter>
    <Filter Include="Resources\Scripts">
      <UniqueIdentifier>{fc6bfcb6-3989-439c-803a-7ba840b3ba08}</UniqueIdentifier>
    </Filter>
  </ItemGroup>
  <ItemGroup>
    <FxCompile Include="Resources\programs\quad_fp.hlsl">
      <Filter>Resources\Programs</Filter>
    </FxCompile>
    <FxCompile Include="Resources\programs\quad_vp.hlsl">
      <Filter>Resources\Programs</Filter>
    </FxCompile>
  </ItemGroup>
</Project>