
Microsoft Visual Studio Solution File, Format Version 12.00
# Visual Studio 14
VisualStudioVersion = 14.0.25420.1
MinimumVisualStudioVersion = 10.0.40219.1
Project("{8BC9CEB8-8B4A-11D0-8D11-00A0C91BC942}") = "oiv", "oiv\oiv.vcxproj", "{77C6D668-7536-4E2C-8730-54663FACD39E}"
EndProject
Project("{FAE04EC0-301F-11D3-BF4B-00C04F79EFBC}") = "OivTestDotNet", "OivTestDotNet\OivTestDotNet.csproj", "{A1B20BEC-2F66-4006-BE9C-67EB5986EADC}"
EndProject
Global
	GlobalSection(SolutionConfigurationPlatforms) = preSolution
		Debug_App|Any CPU = Debug_App|Any CPU
		Debug_App|x64 = Debug_App|x64
		Debug_App|x86 = Debug_App|x86
		Debug_Dll|Any CPU = Debug_Dll|Any CPU
		Debug_Dll|x64 = Debug_Dll|x64
		Debug_Dll|x86 = Debug_Dll|x86
		Release_App|Any CPU = Release_App|Any CPU
		Release_App|x64 = Release_App|x64
		Release_App|x86 = Release_App|x86
		Release_Dll|Any CPU = Release_Dll|Any CPU
		Release_Dll|x64 = Release_Dll|x64
		Release_Dll|x86 = Release_Dll|x86
	EndGlobalSection
	GlobalSection(ProjectConfigurationPlatforms) = postSolution
		{77C6D668-7536-4E2C-8730-54663FACD39E}.Debug_App|Any CPU.ActiveCfg = Debug_App|Win32
		{77C6D668-7536-4E2C-8730-54663FACD39E}.Debug_App|Any CPU.Build.0 = Debug_App|Win32
		{77C6D668-7536-4E2C-8730-54663FACD39E}.Debug_App|x64.ActiveCfg = Debug_App|Win32
		{77C6D668-7536-4E2C-8730-54663FACD39E}.Debug_App|x64.Build.0 = Debug_App|Win32
		{77C6D668-7536-4E2C-8730-54663FACD39E}.Debug_App|x86.ActiveCfg = Debug_App|Win32
		{77C6D668-7536-4E2C-8730-54663FACD39E}.Debug_App|x86.Build.0 = Debug_App|Win32
		{77C6D668-7536-4E2C-8730-54663FACD39E}.Debug_Dll|Any CPU.ActiveCfg = Debug_Dll|Win32
		{77C6D668-7536-4E2C-8730-54663FACD39E}.Debug_Dll|Any CPU.Build.0 = Debug_Dll|Win32
		{77C6D668-7536-4E2C-8730-54663FACD39E}.Debug_Dll|x64.ActiveCfg = Debug_App|Win32
		{77C6D668-7536-4E2C-8730-54663FACD39E}.Debug_Dll|x64.Build.0 = Debug_App|Win32
		{77C6D668-7536-4E2C-8730-54663FACD39E}.Debug_Dll|x86.ActiveCfg = Debug_Dll|Win32
		{77C6D668-7536-4E2C-8730-54663FACD39E}.Debug_Dll|x86.Build.0 = Debug_Dll|Win32
		{77C6D668-7536-4E2C-8730-54663FACD39E}.Release_App|Any CPU.ActiveCfg = Release_App|Win32
		{77C6D668-7536-4E2C-8730-54663FACD39E}.Release_App|Any CPU.Build.0 = Release_App|Win32
		{77C6D668-7536-4E2C-8730-54663FACD39E}.Release_App|x64.ActiveCfg = Debug_App|Win32
		{77C6D668-7536-4E2C-8730-54663FACD39E}.Release_App|x64.Build.0 = Debug_App|Win32
		{77C6D668-7536-4E2C-8730-54663FACD39E}.Release_App|x86.ActiveCfg = Release_App|Win32
		{77C6D668-7536-4E2C-8730-54663FACD39E}.Release_App|x86.Build.0 = Release_App|Win32
		{77C6D668-7536-4E2C-8730-54663FACD39E}.Release_Dll|Any CPU.ActiveCfg = Release_Dll|Win32
		{77C6D668-7536-4E2C-8730-54663FACD39E}.Release_Dll|Any CPU.Build.0 = Release_Dll|Win32
		{77C6D668-7536-4E2C-8730-54663FACD39E}.Release_Dll|x64.ActiveCfg = Debug_App|Win32
		{77C6D668-7536-4E2C-8730-54663FACD39E}.Release_Dll|x64.Build.0 = Debug_App|Win32
		{77C6D668-7536-4E2C-8730-54663FACD39E}.Release_Dll|x86.ActiveCfg = Release_Dll|Win32
		{77C6D668-7536-4E2C-8730-54663FACD39E}.Release_Dll|x86.Build.0 = Release_Dll|Win32
		{A1B20BEC-2F66-4006-BE9C-67EB5986EADC}.Debug_App|Any CPU.ActiveCfg = Debug|Any CPU
		{A1B20BEC-2F66-4006-BE9C-67EB5986EADC}.Debug_App|Any CPU.Build.0 = Debug|Any CPU
		{A1B20BEC-2F66-4006-BE9C-67EB5986EADC}.Debug_App|x64.ActiveCfg = Debug|Any CPU
		{A1B20BEC-2F66-4006-BE9C-67EB5986EADC}.Debug_App|x64.Build.0 = Debug|Any CPU
		{A1B20BEC-2F66-4006-BE9C-67EB5986EADC}.Debug_App|x86.ActiveCfg = Debug|Any CPU
		{A1B20BEC-2F66-4006-BE9C-67EB5986EADC}.Debug_App|x86.Build.0 = Debug|Any CPU
		{A1B20BEC-2F66-4006-BE9C-67EB5986EADC}.Debug_Dll|Any CPU.ActiveCfg = Debug|Any CPU
		{A1B20BEC-2F66-4006-BE9C-67EB5986EADC}.Debug_Dll|Any CPU.Build.0 = Debug|Any CPU
		{A1B20BEC-2F66-4006-BE9C-67EB5986EADC}.Debug_Dll|x64.ActiveCfg = Debug|Any CPU
		{A1B20BEC-2F66-4006-BE9C-67EB5986EADC}.Debug_Dll|x64.Build.0 = Debug|Any CPU
		{A1B20BEC-2F66-4006-BE9C-67EB5986EADC}.Debug_Dll|x86.ActiveCfg = Debug|Any CPU
		{A1B20BEC-2F66-4006-BE9C-67EB5986EADC}.Debug_Dll|x86.Build.0 = Debug|Any CPU
		{A1B20BEC-2F66-4006-BE9C-67EB5986EADC}.Release_App|Any CPU.ActiveCfg = Release|Any CPU
		{A1B20BEC-2F66-4006-BE9C-67EB5986EADC}.Release_App|Any CPU.Build.0 = Release|Any CPU
		{A1B20BEC-2F66-4006-BE9C-67EB5986EADC}.Release_App|x64.ActiveCfg = Release|Any CPU
		{A1B20BEC-2F66-4006-BE9C-67EB5986EADC}.Release_App|x64.Build.0 = Release|Any CPU
		{A1B20BEC-2F66-4006-BE9C-67EB5986EADC}.Release_App|x86.ActiveCfg = Release|Any CPU
		{A1B20BEC-2F66-4006-BE9C-67EB5986EADC}.Release_App|x86.Build.0 = Release|Any CPU
		{A1B20BEC-2F66-4006-BE9C-67EB5986EADC}.Release_Dll|Any CPU.ActiveCfg = Release|Any CPU
		{A1B20BEC-2F66-4006-BE9C-67EB5986EADC}.Release_Dll|Any CPU.Build.0 = Release|Any CPU
		{A1B20BEC-2F66-4006-BE9C-67EB5986EADC}.Release_Dll|x64.ActiveCfg = Release|Any CPU
		{A1B20BEC-2F66-4006-BE9C-67EB5986EADC}.Release_Dll|x64.Build.0 = Release|Any CPU
		{A1B20BEC-2F66-4006-BE9C-67EB5986EADC}.Release_Dll|x86.ActiveCfg = Release|Any CPU
		{A1B20BEC-2F66-4006-BE9C-67EB5986EADC}.Release_Dll|x86.Build.0 = Release|Any CPU
	EndGlobalSection
	GlobalSection(SolutionProperties) = preSolution
		HideSolutionNode = FALSE
	EndGlobalSection
EndGlobal
