
Microsoft Visual Studio Solution File, Format Version 12.00
# Visual Studio 14
VisualStudioVersion = 14.0.25420.1
MinimumVisualStudioVersion = 10.0.40219.1
Project("{8BC9CEB8-8B4A-11D0-8D11-00A0C91BC942}") = "oiv", "oiv\oiv.vcxproj", "{77C6D668-7536-4E2C-8730-54663FACD39E}"
EndProject
Project("{FAE04EC0-301F-11D3-BF4B-00C04F79EFBC}") = "OivTestDotNet", "OivTestDotNet\OivTestDotNet.csproj", "{A1B20BEC-2F66-4006-BE9C-67EB5986EADC}"
EndProject
Project("{8BC9CEB8-8B4A-11D0-8D11-00A0C91BC942}") = "OIViewer", "OIViewer\OIViewer.vcxproj", "{AAD4EC22-7E08-41B5-9CCB-FF1F15A6C799}"
EndProject
Project("{8BC9CEB8-8B4A-11D0-8D11-00A0C91BC942}") = "OIVGLRenderer", "OIVGLRenderer\OIVGLRenderer.vcxproj", "{D50BD30C-BCD9-4D5E-8416-700F10541792}"
EndProject
Project("{8BC9CEB8-8B4A-11D0-8D11-00A0C91BC942}") = "OIVD3D11Renderer", "OIVD3D11Renderer\OIVD3D11Renderer.vcxproj", "{C049ED5B-7B0B-4693-A0ED-AA4AFE1A1437}"
EndProject
Project("{8BC9CEB8-8B4A-11D0-8D11-00A0C91BC942}") = "ImageUtil", "ImageUtil\ImageUtil.vcxproj", "{CC43B3FB-0C60-4357-A944-596B32AAEB24}"
EndProject
Project("{8BC9CEB8-8B4A-11D0-8D11-00A0C91BC942}") = "ImageLoader", "ImageCodec\ImageLoader\ImageLoader.vcxproj", "{585C252A-75DA-435D-ACCB-DFF914F4F732}"
EndProject
Project("{8BC9CEB8-8B4A-11D0-8D11-00A0C91BC942}") = "CodecPSD", "ImageCodec\Codecs\CodecPSD\CodecPSD.vcxproj", "{D0EA563A-A39D-4402-9EE9-F4E427DA4591}"
EndProject
Project("{8BC9CEB8-8B4A-11D0-8D11-00A0C91BC942}") = "CodecJPG", "ImageCodec\Codecs\CodecJPG\CodecJPG.vcxproj", "{B10F5658-A86C-44C2-883F-8648235E721F}"
EndProject
Project("{8BC9CEB8-8B4A-11D0-8D11-00A0C91BC942}") = "CodecPNG", "ImageCodec\Codecs\CodecPNG\CodecPNG.vcxproj", "{21BBF272-404D-4BC6-B67A-D9BB3D34F32E}"
EndProject
Project("{8BC9CEB8-8B4A-11D0-8D11-00A0C91BC942}") = "CodecFreeImage", "ImageCodec\Codecs\CodecFreeImage\CodecFreeImage.vcxproj", "{02888425-78B9-4EDE-9577-21CE73872C6F}"
EndProject
Project("{8BC9CEB8-8B4A-11D0-8D11-00A0C91BC942}") = "CodecDDS", "ImageCodec\Codecs\CodecDDS\CodecDDS.vcxproj", "{FAA6E433-C27B-4B00-AE54-87F611191CBF}"
EndProject
Project("{2150E333-8FDC-42A3-9474-1A3956D46DE8}") = "Codecs", "Codecs", "{C9393936-03B2-4B8F-BD6D-E3AB76BD01B1}"
EndProject
Project("{8BC9CEB8-8B4A-11D0-8D11-00A0C91BC942}") = "CodecTiff", "ImageCodec\Codecs\CodecTiff\CodecTiff.vcxproj", "{D22358A3-4E82-4C28-9A38-24A1775D8BE2}"
EndProject
Global
	GlobalSection(SolutionConfigurationPlatforms) = preSolution
		Debug|Any CPU = Debug|Any CPU
		Debug|x64 = Debug|x64
		Debug|x86 = Debug|x86
		Release|Any CPU = Release|Any CPU
		Release|x64 = Release|x64
		Release|x86 = Release|x86
	EndGlobalSection
	GlobalSection(ProjectConfigurationPlatforms) = postSolution
		{77C6D668-7536-4E2C-8730-54663FACD39E}.Debug|Any CPU.ActiveCfg = Debug|Win32
		{77C6D668-7536-4E2C-8730-54663FACD39E}.Debug|x64.ActiveCfg = Debug|x64
		{77C6D668-7536-4E2C-8730-54663FACD39E}.Debug|x64.Build.0 = Debug|x64
		{77C6D668-7536-4E2C-8730-54663FACD39E}.Debug|x86.ActiveCfg = Debug|Win32
		{77C6D668-7536-4E2C-8730-54663FACD39E}.Debug|x86.Build.0 = Debug|Win32
		{77C6D668-7536-4E2C-8730-54663FACD39E}.Release|Any CPU.ActiveCfg = Release|Win32
		{77C6D668-7536-4E2C-8730-54663FACD39E}.Release|x64.ActiveCfg = Release|x64
		{77C6D668-7536-4E2C-8730-54663FACD39E}.Release|x64.Build.0 = Release|x64
		{77C6D668-7536-4E2C-8730-54663FACD39E}.Release|x86.ActiveCfg = Release|Win32
		{77C6D668-7536-4E2C-8730-54663FACD39E}.Release|x86.Build.0 = Release|Win32
		{A1B20BEC-2F66-4006-BE9C-67EB5986EADC}.Debug|Any CPU.ActiveCfg = Debug|Any CPU
		{A1B20BEC-2F66-4006-BE9C-67EB5986EADC}.Debug|Any CPU.Build.0 = Debug|Any CPU
		{A1B20BEC-2F66-4006-BE9C-67EB5986EADC}.Debug|x64.ActiveCfg = Debug|Any CPU
		{A1B20BEC-2F66-4006-BE9C-67EB5986EADC}.Debug|x64.Build.0 = Debug|Any CPU
		{A1B20BEC-2F66-4006-BE9C-67EB5986EADC}.Debug|x86.ActiveCfg = Debug|Any CPU
		{A1B20BEC-2F66-4006-BE9C-67EB5986EADC}.Debug|x86.Build.0 = Debug|Any CPU
		{A1B20BEC-2F66-4006-BE9C-67EB5986EADC}.Release|Any CPU.ActiveCfg = Release|Any CPU
		{A1B20BEC-2F66-4006-BE9C-67EB5986EADC}.Release|Any CPU.Build.0 = Release|Any CPU
		{A1B20BEC-2F66-4006-BE9C-67EB5986EADC}.Release|x64.ActiveCfg = Release|Any CPU
		{A1B20BEC-2F66-4006-BE9C-67EB5986EADC}.Release|x64.Build.0 = Release|Any CPU
		{A1B20BEC-2F66-4006-BE9C-67EB5986EADC}.Release|x86.ActiveCfg = Release|Any CPU
		{A1B20BEC-2F66-4006-BE9C-67EB5986EADC}.Release|x86.Build.0 = Release|Any CPU
		{AAD4EC22-7E08-41B5-9CCB-FF1F15A6C799}.Debug|Any CPU.ActiveCfg = Debug|Win32
		{AAD4EC22-7E08-41B5-9CCB-FF1F15A6C799}.Debug|x64.ActiveCfg = Debug|x64
		{AAD4EC22-7E08-41B5-9CCB-FF1F15A6C799}.Debug|x64.Build.0 = Debug|x64
		{AAD4EC22-7E08-41B5-9CCB-FF1F15A6C799}.Debug|x86.ActiveCfg = Debug|Win32
		{AAD4EC22-7E08-41B5-9CCB-FF1F15A6C799}.Debug|x86.Build.0 = Debug|Win32
		{AAD4EC22-7E08-41B5-9CCB-FF1F15A6C799}.Release|Any CPU.ActiveCfg = Release|Win32
		{AAD4EC22-7E08-41B5-9CCB-FF1F15A6C799}.Release|x64.ActiveCfg = Release|x64
		{AAD4EC22-7E08-41B5-9CCB-FF1F15A6C799}.Release|x64.Build.0 = Release|x64
		{AAD4EC22-7E08-41B5-9CCB-FF1F15A6C799}.Release|x86.ActiveCfg = Release|Win32
		{AAD4EC22-7E08-41B5-9CCB-FF1F15A6C799}.Release|x86.Build.0 = Release|Win32
		{D50BD30C-BCD9-4D5E-8416-700F10541792}.Debug|Any CPU.ActiveCfg = Debug|Win32
		{D50BD30C-BCD9-4D5E-8416-700F10541792}.Debug|x64.ActiveCfg = Debug|x64
		{D50BD30C-BCD9-4D5E-8416-700F10541792}.Debug|x64.Build.0 = Debug|x64
		{D50BD30C-BCD9-4D5E-8416-700F10541792}.Debug|x86.ActiveCfg = Debug|Win32
		{D50BD30C-BCD9-4D5E-8416-700F10541792}.Debug|x86.Build.0 = Debug|Win32
		{D50BD30C-BCD9-4D5E-8416-700F10541792}.Release|Any CPU.ActiveCfg = Release|Win32
		{D50BD30C-BCD9-4D5E-8416-700F10541792}.Release|x64.ActiveCfg = Release|x64
		{D50BD30C-BCD9-4D5E-8416-700F10541792}.Release|x64.Build.0 = Release|x64
		{D50BD30C-BCD9-4D5E-8416-700F10541792}.Release|x86.ActiveCfg = Release|Win32
		{D50BD30C-BCD9-4D5E-8416-700F10541792}.Release|x86.Build.0 = Release|Win32
		{C049ED5B-7B0B-4693-A0ED-AA4AFE1A1437}.Debug|Any CPU.ActiveCfg = Debug|Win32
		{C049ED5B-7B0B-4693-A0ED-AA4AFE1A1437}.Debug|x64.ActiveCfg = Debug|x64
		{C049ED5B-7B0B-4693-A0ED-AA4AFE1A1437}.Debug|x64.Build.0 = Debug|x64
		{C049ED5B-7B0B-4693-A0ED-AA4AFE1A1437}.Debug|x86.ActiveCfg = Debug|Win32
		{C049ED5B-7B0B-4693-A0ED-AA4AFE1A1437}.Debug|x86.Build.0 = Debug|Win32
		{C049ED5B-7B0B-4693-A0ED-AA4AFE1A1437}.Release|Any CPU.ActiveCfg = Release|Win32
		{C049ED5B-7B0B-4693-A0ED-AA4AFE1A1437}.Release|x64.ActiveCfg = Release|x64
		{C049ED5B-7B0B-4693-A0ED-AA4AFE1A1437}.Release|x64.Build.0 = Release|x64
		{C049ED5B-7B0B-4693-A0ED-AA4AFE1A1437}.Release|x86.ActiveCfg = Release|Win32
		{C049ED5B-7B0B-4693-A0ED-AA4AFE1A1437}.Release|x86.Build.0 = Release|Win32
		{CC43B3FB-0C60-4357-A944-596B32AAEB24}.Debug|Any CPU.ActiveCfg = Debug|Win32
		{CC43B3FB-0C60-4357-A944-596B32AAEB24}.Debug|x64.ActiveCfg = Debug|x64
		{CC43B3FB-0C60-4357-A944-596B32AAEB24}.Debug|x64.Build.0 = Debug|x64
		{CC43B3FB-0C60-4357-A944-596B32AAEB24}.Debug|x86.ActiveCfg = Debug|Win32
		{CC43B3FB-0C60-4357-A944-596B32AAEB24}.Debug|x86.Build.0 = Debug|Win32
		{CC43B3FB-0C60-4357-A944-596B32AAEB24}.Release|Any CPU.ActiveCfg = Release|Win32
		{CC43B3FB-0C60-4357-A944-596B32AAEB24}.Release|x64.ActiveCfg = Release|x64
		{CC43B3FB-0C60-4357-A944-596B32AAEB24}.Release|x64.Build.0 = Release|x64
		{CC43B3FB-0C60-4357-A944-596B32AAEB24}.Release|x86.ActiveCfg = Release|Win32
		{CC43B3FB-0C60-4357-A944-596B32AAEB24}.Release|x86.Build.0 = Release|Win32
		{585C252A-75DA-435D-ACCB-DFF914F4F732}.Debug|Any CPU.ActiveCfg = Debug|Win32
		{585C252A-75DA-435D-ACCB-DFF914F4F732}.Debug|x64.ActiveCfg = Debug|x64
		{585C252A-75DA-435D-ACCB-DFF914F4F732}.Debug|x64.Build.0 = Debug|x64
		{585C252A-75DA-435D-ACCB-DFF914F4F732}.Debug|x86.ActiveCfg = Debug|Win32
		{585C252A-75DA-435D-ACCB-DFF914F4F732}.Debug|x86.Build.0 = Debug|Win32
		{585C252A-75DA-435D-ACCB-DFF914F4F732}.Release|Any CPU.ActiveCfg = Release|Win32
		{585C252A-75DA-435D-ACCB-DFF914F4F732}.Release|x64.ActiveCfg = Release|x64
		{585C252A-75DA-435D-ACCB-DFF914F4F732}.Release|x64.Build.0 = Release|x64
		{585C252A-75DA-435D-ACCB-DFF914F4F732}.Release|x86.ActiveCfg = Release|Win32
		{585C252A-75DA-435D-ACCB-DFF914F4F732}.Release|x86.Build.0 = Release|Win32
		{D0EA563A-A39D-4402-9EE9-F4E427DA4591}.Debug|Any CPU.ActiveCfg = Debug|Win32
		{D0EA563A-A39D-4402-9EE9-F4E427DA4591}.Debug|x64.ActiveCfg = Debug|x64
		{D0EA563A-A39D-4402-9EE9-F4E427DA4591}.Debug|x64.Build.0 = Debug|x64
		{D0EA563A-A39D-4402-9EE9-F4E427DA4591}.Debug|x86.ActiveCfg = Debug|Win32
		{D0EA563A-A39D-4402-9EE9-F4E427DA4591}.Debug|x86.Build.0 = Debug|Win32
		{D0EA563A-A39D-4402-9EE9-F4E427DA4591}.Release|Any CPU.ActiveCfg = Release|Win32
		{D0EA563A-A39D-4402-9EE9-F4E427DA4591}.Release|x64.ActiveCfg = Release|x64
		{D0EA563A-A39D-4402-9EE9-F4E427DA4591}.Release|x64.Build.0 = Release|x64
		{D0EA563A-A39D-4402-9EE9-F4E427DA4591}.Release|x86.ActiveCfg = Release|Win32
		{D0EA563A-A39D-4402-9EE9-F4E427DA4591}.Release|x86.Build.0 = Release|Win32
		{B10F5658-A86C-44C2-883F-8648235E721F}.Debug|Any CPU.ActiveCfg = Debug|Win32
		{B10F5658-A86C-44C2-883F-8648235E721F}.Debug|x64.ActiveCfg = Debug|x64
		{B10F5658-A86C-44C2-883F-8648235E721F}.Debug|x64.Build.0 = Debug|x64
		{B10F5658-A86C-44C2-883F-8648235E721F}.Debug|x86.ActiveCfg = Debug|Win32
		{B10F5658-A86C-44C2-883F-8648235E721F}.Debug|x86.Build.0 = Debug|Win32
		{B10F5658-A86C-44C2-883F-8648235E721F}.Release|Any CPU.ActiveCfg = Release|Win32
		{B10F5658-A86C-44C2-883F-8648235E721F}.Release|x64.ActiveCfg = Release|x64
		{B10F5658-A86C-44C2-883F-8648235E721F}.Release|x64.Build.0 = Release|x64
		{B10F5658-A86C-44C2-883F-8648235E721F}.Release|x86.ActiveCfg = Release|Win32
		{B10F5658-A86C-44C2-883F-8648235E721F}.Release|x86.Build.0 = Release|Win32
		{21BBF272-404D-4BC6-B67A-D9BB3D34F32E}.Debug|Any CPU.ActiveCfg = Debug|Win32
		{21BBF272-404D-4BC6-B67A-D9BB3D34F32E}.Debug|x64.ActiveCfg = Debug|x64
		{21BBF272-404D-4BC6-B67A-D9BB3D34F32E}.Debug|x64.Build.0 = Debug|x64
		{21BBF272-404D-4BC6-B67A-D9BB3D34F32E}.Debug|x86.ActiveCfg = Debug|Win32
		{21BBF272-404D-4BC6-B67A-D9BB3D34F32E}.Debug|x86.Build.0 = Debug|Win32
		{21BBF272-404D-4BC6-B67A-D9BB3D34F32E}.Release|Any CPU.ActiveCfg = Release|Win32
		{21BBF272-404D-4BC6-B67A-D9BB3D34F32E}.Release|x64.ActiveCfg = Release|x64
		{21BBF272-404D-4BC6-B67A-D9BB3D34F32E}.Release|x64.Build.0 = Release|x64
		{21BBF272-404D-4BC6-B67A-D9BB3D34F32E}.Release|x86.ActiveCfg = Release|Win32
		{21BBF272-404D-4BC6-B67A-D9BB3D34F32E}.Release|x86.Build.0 = Release|Win32
		{02888425-78B9-4EDE-9577-21CE73872C6F}.Debug|Any CPU.ActiveCfg = Debug|Win32
		{02888425-78B9-4EDE-9577-21CE73872C6F}.Debug|x64.ActiveCfg = Debug|x64
		{02888425-78B9-4EDE-9577-21CE73872C6F}.Debug|x64.Build.0 = Debug|x64
		{02888425-78B9-4EDE-9577-21CE73872C6F}.Debug|x86.ActiveCfg = Debug|Win32
		{02888425-78B9-4EDE-9577-21CE73872C6F}.Debug|x86.Build.0 = Debug|Win32
		{02888425-78B9-4EDE-9577-21CE73872C6F}.Release|Any CPU.ActiveCfg = Release|Win32
		{02888425-78B9-4EDE-9577-21CE73872C6F}.Release|x64.ActiveCfg = Release|x64
		{02888425-78B9-4EDE-9577-21CE73872C6F}.Release|x64.Build.0 = Release|x64
		{02888425-78B9-4EDE-9577-21CE73872C6F}.Release|x86.ActiveCfg = Release|Win32
		{02888425-78B9-4EDE-9577-21CE73872C6F}.Release|x86.Build.0 = Release|Win32
		{FAA6E433-C27B-4B00-AE54-87F611191CBF}.Debug|Any CPU.ActiveCfg = Debug|Win32
		{FAA6E433-C27B-4B00-AE54-87F611191CBF}.Debug|x64.ActiveCfg = Debug|x64
		{FAA6E433-C27B-4B00-AE54-87F611191CBF}.Debug|x64.Build.0 = Debug|x64
		{FAA6E433-C27B-4B00-AE54-87F611191CBF}.Debug|x86.ActiveCfg = Debug|Win32
		{FAA6E433-C27B-4B00-AE54-87F611191CBF}.Debug|x86.Build.0 = Debug|Win32
		{FAA6E433-C27B-4B00-AE54-87F611191CBF}.Release|Any CPU.ActiveCfg = Release|Win32
		{FAA6E433-C27B-4B00-AE54-87F611191CBF}.Release|x64.ActiveCfg = Release|x64
		{FAA6E433-C27B-4B00-AE54-87F611191CBF}.Release|x64.Build.0 = Release|x64
		{FAA6E433-C27B-4B00-AE54-87F611191CBF}.Release|x86.ActiveCfg = Release|Win32
		{FAA6E433-C27B-4B00-AE54-87F611191CBF}.Release|x86.Build.0 = Release|Win32
		{D22358A3-4E82-4C28-9A38-24A1775D8BE2}.Debug|Any CPU.ActiveCfg = Debug|Win32
		{D22358A3-4E82-4C28-9A38-24A1775D8BE2}.Debug|x64.ActiveCfg = Debug|x64
		{D22358A3-4E82-4C28-9A38-24A1775D8BE2}.Debug|x64.Build.0 = Debug|x64
		{D22358A3-4E82-4C28-9A38-24A1775D8BE2}.Debug|x86.ActiveCfg = Debug|Win32
		{D22358A3-4E82-4C28-9A38-24A1775D8BE2}.Debug|x86.Build.0 = Debug|Win32
		{D22358A3-4E82-4C28-9A38-24A1775D8BE2}.Release|Any CPU.ActiveCfg = Release|Win32
		{D22358A3-4E82-4C28-9A38-24A1775D8BE2}.Release|x64.ActiveCfg = Release|x64
		{D22358A3-4E82-4C28-9A38-24A1775D8BE2}.Release|x64.Build.0 = Release|x64
		{D22358A3-4E82-4C28-9A38-24A1775D8BE2}.Release|x86.ActiveCfg = Release|Win32
		{D22358A3-4E82-4C28-9A38-24A1775D8BE2}.Release|x86.Build.0 = Release|Win32
	EndGlobalSection
	GlobalSection(SolutionProperties) = preSolution
		HideSolutionNode = FALSE
	EndGlobalSection
	GlobalSection(NestedProjects) = preSolution
		{D0EA563A-A39D-4402-9EE9-F4E427DA4591} = {C9393936-03B2-4B8F-BD6D-E3AB76BD01B1}
		{B10F5658-A86C-44C2-883F-8648235E721F} = {C9393936-03B2-4B8F-BD6D-E3AB76BD01B1}
		{21BBF272-404D-4BC6-B67A-D9BB3D34F32E} = {C9393936-03B2-4B8F-BD6D-E3AB76BD01B1}
		{02888425-78B9-4EDE-9577-21CE73872C6F} = {C9393936-03B2-4B8F-BD6D-E3AB76BD01B1}
		{FAA6E433-C27B-4B00-AE54-87F611191CBF} = {C9393936-03B2-4B8F-BD6D-E3AB76BD01B1}
		{D22358A3-4E82-4C28-9A38-24A1775D8BE2} = {C9393936-03B2-4B8F-BD6D-E3AB76BD01B1}
	EndGlobalSection
EndGlobal
