<?xml version="1.0" encoding="utf-8"?>
<Project ToolsVersion="4.0" xmlns="http://schemas.microsoft.com/developer/msbuild/2003">
  <ItemGroup>
    <ClInclude Include="Source\D3D11\D3D11Blob.h" />
    <ClInclude Include="Source\D3D11\D3D11Common.h" />
    <ClInclude Include="Source\D3D11\D3D11Device.h" />
    <ClInclude Include="Source\D3D11\D3D11Error.h" />
    <ClInclude Include="Source\D3D11\D3D11FragmentShader.h" />
    <ClInclude Include="Source\D3D11\D3D11Renderer.h" />
    <ClInclude Include="Source\D3D11\D3D11Shader.h" />
    <ClInclude Include="Source\D3D11\D3D11VertexShader.h" />
    <ClInclude Include="Include\OIVD3D11RendererFactory.h" />
    <ClInclude Include="Source\OIVD3D11Renderer.h" />
    <ClInclude Include="Source\D3D11\D3D11Buffer.h" />
  </ItemGroup>
  <ItemGroup>
    <ClCompile Include="Source\D3D11\D3D11Renderer.cpp" />
    <ClCompile Include="Source\D3D11\D3D11Shader.cpp" />
    <ClCompile Include="Source\OIVD3D11RendererFactory.cpp" />
    <ClCompile Include="Source\OIVD3D11Renderer.cpp" />
  </ItemGroup>
</Project>