<?xml version="1.0" encoding="utf-8"?>
<Project ToolsVersion="4.0" xmlns="http://schemas.microsoft.com/developer/msbuild/2003">
  <ItemGroup>
    <ClInclude Include="Source\libpsd-0.9\include\libpsd.h" />
    <ClInclude Include="Source\libpsd-0.9\include\psd_color.h" />
    <ClInclude Include="Source\libpsd-0.9\include\psd_config.h" />
    <ClInclude Include="Source\libpsd-0.9\include\psd_types.h" />
    <ClInclude Include="Source\libpsd-0.9\src\psd_bitmap.h" />
    <ClInclude Include="Source\libpsd-0.9\src\psd_blend.h" />
    <ClInclude Include="Source\libpsd-0.9\src\psd_descriptor.h" />
    <ClInclude Include="Source\libpsd-0.9\src\psd_fixed.h" />
    <ClInclude Include="Source\libpsd-0.9\src\psd_gradient.h" />
    <ClInclude Include="Source\libpsd-0.9\src\psd_math.h" />
    <ClInclude Include="Source\libpsd-0.9\src\psd_rect.h" />
    <ClInclude Include="Source\libpsd-0.9\src\psd_stream.h" />
    <ClInclude Include="Source\libpsd-0.9\src\psd_system.h" />
    <ClInclude Include="Source\CodecPSD.h" />
    <ClInclude Include="Include\CodecPSDFactory.h" />
  </ItemGroup>
  <ItemGroup>
    <ClCompile Include="Source\libpsd-0.9\src\adjustment.c" />
    <ClCompile Include="Source\libpsd-0.9\src\bevel_emboss.c" />
    <ClCompile Include="Source\libpsd-0.9\src\bitmap.c" />
    <ClCompile Include="Source\libpsd-0.9\src\blend.c" />
    <ClCompile Include="Source\libpsd-0.9\src\boundary.c" />
    <ClCompile Include="Source\libpsd-0.9\src\brightness_contrast.c" />
    <ClCompile Include="Source\libpsd-0.9\src\channel_image.c" />
    <ClCompile Include="Source\libpsd-0.9\src\channel_mixer.c" />
    <ClCompile Include="Source\libpsd-0.9\src\color.c" />
    <ClCompile Include="Source\libpsd-0.9\src\color_balance.c" />
    <ClCompile Include="Source\libpsd-0.9\src\color_mode.c" />
    <ClCompile Include="Source\libpsd-0.9\src\color_overlay.c" />
    <ClCompile Include="Source\libpsd-0.9\src\curves.c" />
    <ClCompile Include="Source\libpsd-0.9\src\descriptor.c" />
    <ClCompile Include="Source\libpsd-0.9\src\drop_shadow.c" />
    <ClCompile Include="Source\libpsd-0.9\src\effects.c" />
    <ClCompile Include="Source\libpsd-0.9\src\file_header.c" />
    <ClCompile Include="Source\libpsd-0.9\src\fixed.c" />
    <ClCompile Include="Source\libpsd-0.9\src\gaussian_blur.c" />
    <ClCompile Include="Source\libpsd-0.9\src\gradient_blend.c" />
    <ClCompile Include="Source\libpsd-0.9\src\gradient_fill.c" />
    <ClCompile Include="Source\libpsd-0.9\src\gradient_map.c" />
    <ClCompile Include="Source\libpsd-0.9\src\gradient_overlay.c" />
    <ClCompile Include="Source\libpsd-0.9\src\hue_saturation.c" />
    <ClCompile Include="Source\libpsd-0.9\src\image_data.c" />
    <ClCompile Include="Source\libpsd-0.9\src\image_resource.c" />
    <ClCompile Include="Source\libpsd-0.9\src\inner_glow.c" />
    <ClCompile Include="Source\libpsd-0.9\src\inner_shadow.c" />
    <ClCompile Include="Source\libpsd-0.9\src\invert.c" />
    <ClCompile Include="Source\libpsd-0.9\src\layer_mask.c" />
    <ClCompile Include="Source\libpsd-0.9\src\levels.c" />
    <ClCompile Include="Source\libpsd-0.9\src\outer_glow.c" />
    <ClCompile Include="Source\libpsd-0.9\src\path.c" />
    <ClCompile Include="Source\libpsd-0.9\src\pattern.c" />
    <ClCompile Include="Source\libpsd-0.9\src\pattern_fill.c" />
    <ClCompile Include="Source\libpsd-0.9\src\pattern_overlay.c" />
    <ClCompile Include="Source\libpsd-0.9\src\photo_filter.c" />
    <ClCompile Include="Source\libpsd-0.9\src\posterize.c" />
    <ClCompile Include="Source\libpsd-0.9\src\psd.c" />
    <ClCompile Include="Source\libpsd-0.9\src\psd_system.c" />
    <ClCompile Include="Source\libpsd-0.9\src\psd_zip.c" />
    <ClCompile Include="Source\libpsd-0.9\src\rect.c" />
    <ClCompile Include="Source\libpsd-0.9\src\satin.c" />
    <ClCompile Include="Source\libpsd-0.9\src\selective_color.c" />
    <ClCompile Include="Source\libpsd-0.9\src\solid_color.c" />
    <ClCompile Include="Source\libpsd-0.9\src\stream.c" />
    <ClCompile Include="Source\libpsd-0.9\src\stroke.c" />
    <ClCompile Include="Source\libpsd-0.9\src\threshold.c" />
    <ClCompile Include="Source\libpsd-0.9\src\thumbnail.c" />
    <ClCompile Include="Source\libpsd-0.9\src\type_tool.c" />
    <ClCompile Include="Include\CodecPSDFactory.cpp" />
  </ItemGroup>
</Project>