<?xml version="1.0" encoding="utf-8"?>
<Project ToolsVersion="4.0" xmlns="http://schemas.microsoft.com/developer/msbuild/2003">
  <ItemGroup>
    <ClCompile Include="oiv.cpp" />
    <ClCompile Include="API\functions.cpp">
      <Filter>API</Filter>
    </ClCompile>
    <ClCompile Include="External\easyexif\exif.cpp" />
    <ClCompile Include="APIImpl.cpp" />
    <ClCompile Include="Commands\CommandProcessor.cpp" />
    <ClCompile Include="Commands\Handlers\CommandHandlerInit.cpp" />
    <ClCompile Include="ImageManager.cpp" />
    <ClCompile Include="ApiGlobal.cpp" />
    <ClCompile Include="FreeType\FreeTypeConnector.cpp" />
    <ClCompile Include="FreeType\MetaTextParser.cpp" />
  </ItemGroup>
  <ItemGroup>
    <ClInclude Include="oiv.h" />
    <ClInclude Include="API\defs.h">
      <Filter>API</Filter>
    </ClInclude>
    <ClInclude Include="API\functions.h">
      <Filter>API</Filter>
    </ClInclude>
    <ClInclude Include="APIImpl.h" />
    <ClInclude Include="Interfaces\IPictureRenderer.h">
      <Filter>Interfaces</Filter>
    </ClInclude>
    <ClInclude Include="Logger.h" />
    <ClInclude Include="External\easyexif\exif.h" />
    <ClInclude Include="Interfaces\IRenderer.h">
      <Filter>Interfaces</Filter>
    </ClInclude>
    <ClInclude Include="NullRenderer.h" />
    <ClInclude Include="Configuration.h" />
    <ClInclude Include="Commands\CommandProcessor.h" />
    <ClInclude Include="ImageManager.h" />
    <ClInclude Include="Commands\CommandHandler.h" />
    <ClInclude Include="Commands\Handlers\CommandHandlerInit.h" />
    <ClInclude Include="Commands\Handlers\CommandHandlerLoadFile.h" />
    <ClInclude Include="Commands\Handlers\CommandHandlerRefresh.h" />
    <ClInclude Include="Commands\Handlers\CommandHandlerTexelGrid.h" />
    <ClInclude Include="Commands\Handlers\CommandHandlerSetClientSize.h" />
    <ClInclude Include="Commands\Handlers\CommandHandlerDestroy.h" />
    <ClInclude Include="Commands\Handlers\CommandHandlerAxisAlignedTransform.h" />
    <ClInclude Include="Commands\Handlers\CommandHandlerUnloadFile.h" />
    <ClInclude Include="ApiGlobal.h" />
    <ClInclude Include="Commands\Handlers\CommandHandlerLoadRaw.h" />
    <ClInclude Include="Commands\Handlers\CommandHandlerSetSelectionRect.h" />
    <ClInclude Include="Interfaces\IRendererDefs.h" />
    <ClInclude Include="Commands\Handlers\CommandHandlerCropImage.h" />
    <ClInclude Include="Commands\Handlers\CommandHandlerGetPixels.h" />
    <ClInclude Include="Commands\Handlers\CommandHandlerConvertFormat.h" />
    <ClInclude Include="Commands\Handlers\CommandHandlerColorExposure.h" />
    <ClInclude Include="Commands\Handlers\CommandHandlerTexelInfo.h" />
    <ClInclude Include="Commands\Handlers\CommandHandlerQueryImageInfo.h" />
    <ClInclude Include="FreeType\FreeTypeConnector.h" />
    <ClInclude Include="FreeType\CodePoint.h" />
    <ClInclude Include="Common\linux.h" />
    <ClInclude Include="FreeType\FreeTypeHelper.h" />
    <ClInclude Include="Commands\Handlers\CommandHandlerCreateText.h" />
    <ClInclude Include="Commands\Handlers\CommandHandlerImageProperties.h" />
    <ClInclude Include="Commands\Handlers\CommandHandlerGetKnownFileTypes.h" />
    <ClInclude Include="Commands\Handlers\CommandHandlerRegisterCallbacks.h" />
    <ClInclude Include="FreeType\FreeTypeFont.h" />
    <ClInclude Include="FreeType\FreeTypeHeaders.h" />
    <ClInclude Include="API\StringHelper.h" />
    <ClInclude Include="API\platform.h" />
    <ClInclude Include="API\Version.h" />
    <ClInclude Include="FreeType\FreeTypeRenderer.h" />
    <ClInclude Include="FreeType\BlitBox.h" />
    <ClInclude Include="FreeType\MetaTextParser.h" />
    <ClInclude Include="Commands\Handlers\CommandHandlerGetSubImages.h" />
  </ItemGroup>
  <ItemGroup>
    <None Include="Resources\programs\quad_fp.hlsl">
      <Filter>Resources</Filter>
    </None>
    <None Include="Resources\programs\quad_vp.hlsl">
      <Filter>Resources</Filter>
    </None>
    <None Include="CopyResources.cmd">
      <Filter>Build</Filter>
    </None>
    <None Include="CopyDlls.cmd">
      <Filter>Build</Filter>
    </None>
    <None Include="Resources\scripts\quad.material">
      <Filter>Resources</Filter>
    </None>
    <None Include="Resources\programs\quad_selection_fp.shader" />
  </ItemGroup>
  <ItemGroup>
    <Filter Include="API">
      <UniqueIdentifier>{4e86cca8-8a01-459a-8c81-b844b9778ed6}</UniqueIdentifier>
    </Filter>
    <Filter Include="Interfaces">
      <UniqueIdentifier>{860b3c9c-c258-44ee-abee-e316fa1a1af9}</UniqueIdentifier>
    </Filter>
    <Filter Include="Resources">
      <UniqueIdentifier>{c507f19e-3171-4cc2-adee-a13a1c6e5bb0}</UniqueIdentifier>
    </Filter>
    <Filter Include="Build">
      <UniqueIdentifier>{990da064-3a56-4a96-abd7-ad08e631e6a1}</UniqueIdentifier>
    </Filter>
    <Filter Include="Helpers">
      <UniqueIdentifier>{9caa947b-b089-4664-81d1-f5cd43cc37c6}</UniqueIdentifier>
    </Filter>
    <Filter Include="ImageSource">
      <UniqueIdentifier>{26af1a7f-4024-44a9-a4f1-8dd397a53aed}</UniqueIdentifier>
    </Filter>
    <Filter Include="Win32">
      <UniqueIdentifier>{6d1b5eaa-421a-4f28-8d8d-5f78da653dfc}</UniqueIdentifier>
    </Filter>
  </ItemGroup>
</Project>