<?xml version="1.0" encoding="utf-8"?>
<Project ToolsVersion="4.0" xmlns="http://schemas.microsoft.com/developer/msbuild/2003">
  <ItemGroup>
    <ClCompile Include="oiv.cpp" />
    <ClCompile Include="main.cpp" />
    <ClCompile Include="ZoomScrollState.cpp" />
    <ClCompile Include="oiv.IPictureViewer.cpp" />
    <ClCompile Include="CommandProcessor.cpp" />
    <ClCompile Include="API\functions.cpp">
      <Filter>API</Filter>
    </ClCompile>
    <ClCompile Include="TestApp.cpp" />
  </ItemGroup>
  <ItemGroup>
    <ClInclude Include="oiv.h" />
    <ClInclude Include="ConsoleLogListener.h" />
    <ClInclude Include="PreCompiled.h" />
    <ClInclude Include="ZoomScrollState.h" />
    <ClInclude Include="API\defs.h">
      <Filter>API</Filter>
    </ClInclude>
    <ClInclude Include="API\functions.h">
      <Filter>API</Filter>
    </ClInclude>
    <ClInclude Include="APIImpl.h" />
    <ClInclude Include="CommandProcessor.h" />
    <ClInclude Include="Interfaces\IPictureRenderer.h">
      <Filter>Interfaces</Filter>
    </ClInclude>
    <ClInclude Include="StringUtility.h">
      <Filter>Helpers</Filter>
    </ClInclude>
    <ClInclude Include="Utility.h">
      <Filter>Helpers</Filter>
    </ClInclude>
    <ClInclude Include="TestApp.h" />
    <ClInclude Include="ImageDescriptor.h" />
  </ItemGroup>
  <ItemGroup>
    <None Include="Resources\programs\quad_fp.hlsl">
      <Filter>Resources</Filter>
    </None>
    <None Include="Resources\programs\quad_vp.hlsl">
      <Filter>Resources</Filter>
    </None>
    <None Include="CopyResources.cmd">
      <Filter>Build</Filter>
    </None>
    <None Include="CopyDlls.cmd">
      <Filter>Build</Filter>
    </None>
    <None Include="Resources\scripts\quad.material">
      <Filter>Resources</Filter>
    </None>
  </ItemGroup>
  <ItemGroup>
    <Filter Include="API">
      <UniqueIdentifier>{4e86cca8-8a01-459a-8c81-b844b9778ed6}</UniqueIdentifier>
    </Filter>
    <Filter Include="Interfaces">
      <UniqueIdentifier>{860b3c9c-c258-44ee-abee-e316fa1a1af9}</UniqueIdentifier>
    </Filter>
    <Filter Include="Resources">
      <UniqueIdentifier>{c507f19e-3171-4cc2-adee-a13a1c6e5bb0}</UniqueIdentifier>
    </Filter>
    <Filter Include="Build">
      <UniqueIdentifier>{990da064-3a56-4a96-abd7-ad08e631e6a1}</UniqueIdentifier>
    </Filter>
    <Filter Include="Helpers">
      <UniqueIdentifier>{9caa947b-b089-4664-81d1-f5cd43cc37c6}</UniqueIdentifier>
    </Filter>
  </ItemGroup>
</Project>