<?xml version="1.0" encoding="utf-8"?>
<Project ToolsVersion="4.0" xmlns="http://schemas.microsoft.com/developer/msbuild/2003">
  <ItemGroup>
    <Filter Include="Source Files">
      <UniqueIdentifier>{4FC737F1-C7A5-4376-A066-2A32D752A2FF}</UniqueIdentifier>
      <Extensions>cpp;c;cc;cxx;def;odl;idl;hpj;bat;asm;asmx</Extensions>
    </Filter>
    <Filter Include="Header Files">
      <UniqueIdentifier>{93995380-89BD-4b04-88EB-625FBE52EBFB}</UniqueIdentifier>
      <Extensions>h;hh;hpp;hxx;hm;inl;inc;xsd</Extensions>
    </Filter>
    <Filter Include="Resource Files">
      <UniqueIdentifier>{67DA6AB6-F800-4c08-8B7A-83BB121AAD01}</UniqueIdentifier>
      <Extensions>rc;ico;cur;bmp;dlg;rc2;rct;bin;rgs;gif;jpg;jpeg;jpe;resx;tiff;tif;png;wav;mfcribbon-ms</Extensions>
    </Filter>
  </ItemGroup>
  <ItemGroup>
    <ClCompile Include="win32\DragAndDrop.cpp">
      <Filter>Source Files</Filter>
    </ClCompile>
    <ClCompile Include="win32\MonitorInfo.cpp">
      <Filter>Source Files</Filter>
    </ClCompile>
    <ClCompile Include="win32\Win32Window.cpp">
      <Filter>Source Files</Filter>
    </ClCompile>
    <ClCompile Include="main.cpp">
      <Filter>Source Files</Filter>
    </ClCompile>
    <ClCompile Include="TestApp.cpp">
      <Filter>Source Files</Filter>
    </ClCompile>
    <ClCompile Include="win32\RawInput\RawInputMouseWindow.cpp">
      <Filter>Source Files</Filter>
    </ClCompile>
    <ClCompile Include="AutoScroll.cpp">
      <Filter>Source Files</Filter>
    </ClCompile>
    <ClCompile Include="UserSettings.cpp">
      <Filter>Source Files</Filter>
    </ClCompile>
    <ClCompile Include="Keyboard\KeyCombination.cpp">
      <Filter>Source Files</Filter>
    </ClCompile>
    <ClCompile Include="SelectionRect.cpp">
      <Filter>Source Files</Filter>
    </ClCompile>
    <ClCompile Include="win32\MainWindow.cpp">
      <Filter>Source Files</Filter>
    </ClCompile>
  </ItemGroup>
  <ItemGroup>
    <ClInclude Include="win32\DragAndDrop.h">
      <Filter>Header Files</Filter>
    </ClInclude>
    <ClInclude Include="win32\Event.h">
      <Filter>Header Files</Filter>
    </ClInclude>
    <ClInclude Include="win32\MonitorInfo.h">
      <Filter>Header Files</Filter>
    </ClInclude>
    <ClInclude Include="win32\Win32Window.h">
      <Filter>Header Files</Filter>
    </ClInclude>
    <ClInclude Include="TestApp.h">
      <Filter>Header Files</Filter>
    </ClInclude>
    <ClInclude Include="win32\Win32Helper.h">
      <Filter>Header Files</Filter>
    </ClInclude>
    <ClInclude Include="win32\RawInput\RawInputMouse.h">
      <Filter>Header Files</Filter>
    </ClInclude>
    <ClInclude Include="win32\RawInput\RawInputMouseWindow.h">
      <Filter>Header Files</Filter>
    </ClInclude>
    <ClInclude Include="AutoScroll.h">
      <Filter>Header Files</Filter>
    </ClInclude>
    <ClInclude Include="FullScreenState.h">
      <Filter>Header Files</Filter>
    </ClInclude>
    <ClInclude Include="win32\UserMessages.h">
      <Filter>Header Files</Filter>
    </ClInclude>
    <ClInclude Include="UserSettings.h">
      <Filter>Header Files</Filter>
    </ClInclude>
    <ClInclude Include="BuildConfig.h">
      <Filter>Header Files</Filter>
    </ClInclude>
    <ClInclude Include="ImageDescriptor.h">
      <Filter>Header Files</Filter>
    </ClInclude>
    <ClInclude Include="OIVCommands.h">
      <Filter>Header Files</Filter>
    </ClInclude>
    <ClInclude Include="RecursiveDelayOp.h">
      <Filter>Header Files</Filter>
    </ClInclude>
    <ClInclude Include="resource.h">
      <Filter>Header Files</Filter>
    </ClInclude>
    <ClInclude Include="Helpers\OIVHelper.h">
      <Filter>Header Files</Filter>
    </ClInclude>
    <ClInclude Include="AdaptiveMotion.h">
      <Filter>Header Files</Filter>
    </ClInclude>
    <ClInclude Include="CommandManager.h">
      <Filter>Header Files</Filter>
    </ClInclude>
    <ClInclude Include="Keyboard\KeyCode.h">
      <Filter>Header Files</Filter>
    </ClInclude>
    <ClInclude Include="Keyboard\KeyCombination.h">
      <Filter>Header Files</Filter>
    </ClInclude>
    <ClInclude Include="Keyboard\KeyBindings.h">
      <Filter>Header Files</Filter>
    </ClInclude>
    <ClInclude Include="Keyboard\KeyCodeHelper.h">
      <Filter>Header Files</Filter>
    </ClInclude>
    <ClInclude Include="SelectionRect.h">
      <Filter>Header Files</Filter>
    </ClInclude>
    <ClInclude Include="Helpers\PhotoshopFinder.h">
      <Filter>Header Files</Filter>
    </ClInclude>
    <ClInclude Include="External\WinReg.hpp">
      <Filter>Header Files</Filter>
    </ClInclude>
    <ClInclude Include="win32\HighPrecisionTimer.h">
      <Filter>Header Files</Filter>
    </ClInclude>
    <ClInclude Include="win32\Win32Common.h">
      <Filter>Header Files</Filter>
    </ClInclude>
    <ClInclude Include="win32\MainWindow.h">
      <Filter>Header Files</Filter>
    </ClInclude>
  </ItemGroup>
  <ItemGroup>
    <ResourceCompile Include="Resource.rc">
      <Filter>Resource Files</Filter>
    </ResourceCompile>
  </ItemGroup>
  <ItemGroup>
    <Image Include="spyglass.ico">
      <Filter>Resource Files</Filter>
    </Image>
  </ItemGroup>
</Project>